
Microsoft Visual Studio Solution File, Format Version 12.00
# Visual Studio 15
VisualStudioVersion = 15.0.28307.421
MinimumVisualStudioVersion = 10.0.40219.1
Project("{FAE04EC0-301F-11D3-BF4B-00C04F79EFBC}") = "CS432 Server", "CS432 Server\CS432 Server.csproj", "{C51DB45D-9D68-48B7-A1BB-8D18D8F4AEBF}"
EndProject
Global
	GlobalSection(SolutionConfigurationPlatforms) = preSolution
		Debug|Any CPU = Debug|Any CPU
		Release|Any CPU = Release|Any CPU
	EndGlobalSection
	GlobalSection(ProjectConfigurationPlatforms) = postSolution
		{C51DB45D-9D68-48B7-A1BB-8D18D8F4AEBF}.Debug|Any CPU.ActiveCfg = Debug|Any CPU
		{C51DB45D-9D68-48B7-A1BB-8D18D8F4AEBF}.Debug|Any CPU.Build.0 = Debug|Any CPU
		{C51DB45D-9D68-48B7-A1BB-8D18D8F4AEBF}.Release|Any CPU.ActiveCfg = Release|Any CPU
		{C51DB45D-9D68-48B7-A1BB-8D18D8F4AEBF}.Release|Any CPU.Build.0 = Release|Any CPU
	EndGlobalSection
	GlobalSection(SolutionProperties) = preSolution
		HideSolutionNode = FALSE
	EndGlobalSection
	GlobalSection(ExtensibilityGlobals) = postSolution
		SolutionGuid = {7C7A2422-B831-4712-9827-36F4300AE27F}
	EndGlobalSection
EndGlobal
